
Microsoft Visual Studio Solution File, Format Version 12.00
# Visual Studio Version 16
VisualStudioVersion = 16.0.30204.135
MinimumVisualStudioVersion = 10.0.40219.1
Project("{FAE04EC0-301F-11D3-BF4B-00C04F79EFBC}") = "VlcMemoryLeaksDemo", "VlcMemoryLeaksDemo\VlcMemoryLeaksDemo.csproj", "{B9D77B16-69E0-4C60-B415-F38167F6B43D}"
EndProject
Global
	GlobalSection(SolutionConfigurationPlatforms) = preSolution
		Debug|Any CPU = Debug|Any CPU
		Release|Any CPU = Release|Any CPU
	EndGlobalSection
	GlobalSection(ProjectConfigurationPlatforms) = postSolution
		{B9D77B16-69E0-4C60-B415-F38167F6B43D}.Debug|Any CPU.ActiveCfg = Debug|Any CPU
		{B9D77B16-69E0-4C60-B415-F38167F6B43D}.Debug|Any CPU.Build.0 = Debug|Any CPU
		{B9D77B16-69E0-4C60-B415-F38167F6B43D}.Release|Any CPU.ActiveCfg = Release|Any CPU
		{B9D77B16-69E0-4C60-B415-F38167F6B43D}.Release|Any CPU.Build.0 = Release|Any CPU
	EndGlobalSection
	GlobalSection(SolutionProperties) = preSolution
		HideSolutionNode = FALSE
	EndGlobalSection
	GlobalSection(ExtensibilityGlobals) = postSolution
		SolutionGuid = {713C5241-FA2D-4BD4-AC80-7594DA2A8791}
	EndGlobalSection
EndGlobal
